{
    "_readme": [
        "This file locks the dependencies of your project to a known state",
        "Read more about it at https://getcomposer.org/doc/01-basic-usage.md#composer-lock-the-lock-file",
        "This file is @generated automatically"
    ],
    "content-hash": "903ce2bdeaac9125c8bc19045afb4dde",
    "packages": [
        {
            "name": "dirkgroenen/pinterest-api-php",
            "version": "0.2.11",
            "source": {
                "type": "git",
                "url": "https://github.com/dirkgroenen/Pinterest-API-PHP.git",
                "reference": "afd5e531059c09774e958e142b859d201aa00c79"
            },
            "dist": {
                "type": "zip",
                "url": "https://api.github.com/repos/dirkgroenen/Pinterest-API-PHP/zipball/afd5e531059c09774e958e142b859d201aa00c79",
                "reference": "afd5e531059c09774e958e142b859d201aa00c79",
                "shasum": ""
            },
            "require": {
                "php": ">=5.4"
            },
            "require-dev": {
                "phpunit/phpunit": "4.7.*",
                "vlucas/phpdotenv": "^2.2"
            },
            "type": "library",
            "autoload": {
                "psr-4": {
                    "DirkGroenen\\Pinterest\\": "src/Pinterest"
                }
            },
            "notification-url": "https://packagist.org/downloads/",
            "license": [
                "Apache-2.0"
            ],
            "authors": [
                {
                    "name": "Dirk Groenen",
                    "email": "dirk@bitlabs.nl",
                    "homepage": "http://dirkgroenen.nl",
                    "role": "Creator/Developer"
                }
            ],
            "description": "PHP Wrapper for the official Pinterest API",
            "keywords": [
                "api",
                "pinterest",
                "wrapper"
            ],
            "time": "2016-05-10T15:36:53+00:00"
        },
        {
            "name": "seregazhuk/pinterest-bot",
            "version": "5.6.6",
            "source": {
                "type": "git",
                "url": "https://github.com/seregazhuk/php-pinterest-bot.git",
                "reference": "23259a702560f2051f1b3d21992f746f7461c288"
            },
            "dist": {
                "type": "zip",
                "url": "https://api.github.com/repos/seregazhuk/php-pinterest-bot/zipball/23259a702560f2051f1b3d21992f746f7461c288",
                "reference": "23259a702560f2051f1b3d21992f746f7461c288",
                "shasum": ""
            },
            "require": {
                "ext-curl": "*",
                "ext-fileinfo": "*",
                "php": ">=5.6"
            },
            "require-dev": {
                "codeclimate/php-test-reporter": "^0.4.4",
                "mockery/mockery": "1.0",
                "phpunit/phpunit": "~5.7"
            },
            "type": "package",
            "autoload": {
                "files": [
                    "src/Helpers/functions.php"
                ],
                "psr-4": {
                    "seregazhuk\\PinterestBot\\": "src"
                }
            },
            "notification-url": "https://packagist.org/downloads/",
            "license": [
                "MIT"
            ],
            "authors": [
                {
                    "name": "Sergey Zhuk",
                    "email": "seregazhuk88@gmail.com",
                    "role": "Developer"
                }
            ],
            "description": "PHP library for Pintrest",
            "keywords": [
                "lib",
                "php",
                "pinterest"
            ],
            "time": "2018-02-23T16:06:11+00:00"
        }
    ],
    "packages-dev": [],
    "aliases": [],
    "minimum-stability": "stable",
    "stability-flags": [],
    "prefer-stable": false,
    "prefer-lowest": false,
    "platform": [],
    "platform-dev": []
}
